
Microsoft Visual Studio Solution File, Format Version 12.00
# Visual Studio Version 17
VisualStudioVersion = 17.14.36301.6 d17.14
MinimumVisualStudioVersion = 10.0.40219.1
Project("{FAE04EC0-301F-11D3-BF4B-00C04F79EFBC}") = "BookStore", "BookStore.csproj", "{3C0A451B-09E5-4B94-8D91-B98CB08E35C0}"
EndProject
Global
	GlobalSection(SolutionConfigurationPlatforms) = preSolution
		Debug|Any CPU = Debug|Any CPU
		Release|Any CPU = Release|Any CPU
	EndGlobalSection
	GlobalSection(ProjectConfigurationPlatforms) = postSolution
		{3C0A451B-09E5-4B94-8D91-B98CB08E35C0}.Debug|Any CPU.ActiveCfg = Debug|Any CPU
		{3C0A451B-09E5-4B94-8D91-B98CB08E35C0}.Debug|Any CPU.Build.0 = Debug|Any CPU
		{3C0A451B-09E5-4B94-8D91-B98CB08E35C0}.Release|Any CPU.ActiveCfg = Release|Any CPU
		{3C0A451B-09E5-4B94-8D91-B98CB08E35C0}.Release|Any CPU.Build.0 = Release|Any CPU
	EndGlobalSection
	GlobalSection(SolutionProperties) = preSolution
		HideSolutionNode = FALSE
	EndGlobalSection
	GlobalSection(ExtensibilityGlobals) = postSolution
		SolutionGuid = {3164DC3E-CF9F-4DF6-8DE9-A746E7BEC0E8}
	EndGlobalSection
EndGlobal
